
Microsoft Visual Studio Solution File, Format Version 12.00
# Visual Studio 15
VisualStudioVersion = 15.0.28307.1145
MinimumVisualStudioVersion = 10.0.40219.1
Project("{FAE04EC0-301F-11D3-BF4B-00C04F79EFBC}") = "InterviewCakePrep", "InterviewCake\InterviewCakePrep.csproj", "{ADDA8A81-B888-49FA-BB85-B6B24B211248}"
EndProject
Global
	GlobalSection(SolutionConfigurationPlatforms) = preSolution
		Debug|Any CPU = Debug|Any CPU
		Release|Any CPU = Release|Any CPU
	EndGlobalSection
	GlobalSection(ProjectConfigurationPlatforms) = postSolution
		{ADDA8A81-B888-49FA-BB85-B6B24B211248}.Debug|Any CPU.ActiveCfg = Debug|Any CPU
		{ADDA8A81-B888-49FA-BB85-B6B24B211248}.Debug|Any CPU.Build.0 = Debug|Any CPU
		{ADDA8A81-B888-49FA-BB85-B6B24B211248}.Release|Any CPU.ActiveCfg = Release|Any CPU
		{ADDA8A81-B888-49FA-BB85-B6B24B211248}.Release|Any CPU.Build.0 = Release|Any CPU
	EndGlobalSection
	GlobalSection(SolutionProperties) = preSolution
		HideSolutionNode = FALSE
	EndGlobalSection
	GlobalSection(ExtensibilityGlobals) = postSolution
		SolutionGuid = {88FE735E-85B7-4EEB-BA9E-672C68C2D647}
	EndGlobalSection
EndGlobal
